
Microsoft Visual Studio Solution File, Format Version 12.00
# Visual Studio 2012
Project("{FAE04EC0-301F-11D3-BF4B-00C04F79EFBC}") = "KeychainPassword", "KeychainPassword.csproj", "{3A1E1566-9545-489A-8A27-40966AEA292C}"
EndProject
Global
	GlobalSection(SolutionConfigurationPlatforms) = preSolution
		Debug|iPhoneSimulator = Debug|iPhoneSimulator
		Release|iPhoneSimulator = Release|iPhoneSimulator
		Debug|iPhone = Debug|iPhone
		Release|iPhone = Release|iPhone
		Ad-Hoc|iPhone = Ad-Hoc|iPhone
		AppStore|iPhone = AppStore|iPhone
	EndGlobalSection
	GlobalSection(ProjectConfigurationPlatforms) = postSolution
		{3A1E1566-9545-489A-8A27-40966AEA292C}.Ad-Hoc|iPhone.ActiveCfg = Ad-Hoc|iPhone
		{3A1E1566-9545-489A-8A27-40966AEA292C}.Ad-Hoc|iPhone.Build.0 = Ad-Hoc|iPhone
		{3A1E1566-9545-489A-8A27-40966AEA292C}.AppStore|iPhone.ActiveCfg = AppStore|iPhone
		{3A1E1566-9545-489A-8A27-40966AEA292C}.AppStore|iPhone.Build.0 = AppStore|iPhone
		{3A1E1566-9545-489A-8A27-40966AEA292C}.Debug|iPhone.ActiveCfg = Debug|iPhone
		{3A1E1566-9545-489A-8A27-40966AEA292C}.Debug|iPhone.Build.0 = Debug|iPhone
		{3A1E1566-9545-489A-8A27-40966AEA292C}.Debug|iPhoneSimulator.ActiveCfg = Debug|iPhoneSimulator
		{3A1E1566-9545-489A-8A27-40966AEA292C}.Debug|iPhoneSimulator.Build.0 = Debug|iPhoneSimulator
		{3A1E1566-9545-489A-8A27-40966AEA292C}.Release|iPhone.ActiveCfg = Release|iPhone
		{3A1E1566-9545-489A-8A27-40966AEA292C}.Release|iPhone.Build.0 = Release|iPhone
		{3A1E1566-9545-489A-8A27-40966AEA292C}.Release|iPhoneSimulator.ActiveCfg = Release|iPhoneSimulator
		{3A1E1566-9545-489A-8A27-40966AEA292C}.Release|iPhoneSimulator.Build.0 = Release|iPhoneSimulator
	EndGlobalSection
EndGlobal
